<?xml version="1.0" encoding="utf-8"?>
<Project ToolsVersion="4.0" xmlns="http://schemas.microsoft.com/developer/msbuild/2003">
  <ItemGroup>
    <Filter Include="Source Files">
      <UniqueIdentifier>{4FC737F1-C7A5-4376-A066-2A32D752A2FF}</UniqueIdentifier>
      <Extensions>cpp;c;cc;cxx;c++;cppm;ixx;def;odl;idl;hpj;bat;asm;asmx</Extensions>
    </Filter>
    <Filter Include="Header Files">
      <UniqueIdentifier>{93995380-89BD-4b04-88EB-625FBE52EBFB}</UniqueIdentifier>
      <Extensions>h;hh;hpp;hxx;h++;hm;inl;inc;ipp;xsd</Extensions>
    </Filter>
    <Filter Include="Resource Files">
      <UniqueIdentifier>{67DA6AB6-F800-4c08-8B7A-83BB121AAD01}</UniqueIdentifier>
      <Extensions>rc;ico;cur;bmp;dlg;rc2;rct;bin;rgs;gif;jpg;jpeg;jpe;resx;tiff;tif;png;wav;mfcribbon-ms</Extensions>
    </Filter>
    <Filter Include="Header Files\Components">
      <UniqueIdentifier>{c6bd8585-ae47-485c-b050-bfcc2029c972}</UniqueIdentifier>
    </Filter>
    <Filter Include="Header Files\Auxilary">
      <UniqueIdentifier>{ba715c5a-595b-42e5-9098-995923694daa}</UniqueIdentifier>
    </Filter>
    <Filter Include="Source Files\Components">
      <UniqueIdentifier>{bad3159c-b331-4f13-ba8f-ceb8c1c5ddb0}</UniqueIdentifier>
    </Filter>
    <Filter Include="Source Files\Auxilary">
      <UniqueIdentifier>{4bae7fc1-6345-47cc-a1f0-775742ac878b}</UniqueIdentifier>
    </Filter>
    <Filter Include="Header Files\Parsing">
      <UniqueIdentifier>{2bf5e61f-055c-4338-9216-9917131e0fc3}</UniqueIdentifier>
    </Filter>
    <Filter Include="Source Files\Parsing">
      <UniqueIdentifier>{ff401c4b-bfed-4fc8-bf92-00ed7ec5a3d2}</UniqueIdentifier>
    </Filter>
  </ItemGroup>
  <ItemGroup>
    <ClInclude Include="Capacitor.h">
      <Filter>Header Files\Components</Filter>
    </ClInclude>
    <ClInclude Include="TwoTerminalLinearElement.h">
      <Filter>Header Files\Components</Filter>
    </ClInclude>
    <ClInclude Include="Switch.h">
      <Filter>Header Files\Components</Filter>
    </ClInclude>
    <ClInclude Include="SingleElement.h">
      <Filter>Header Files\Components</Filter>
    </ClInclude>
    <ClInclude Include="Resistor.h">
      <Filter>Header Files\Components</Filter>
    </ClInclude>
    <ClInclude Include="InSeries.h">
      <Filter>Header Files\Components</Filter>
    </ClInclude>
    <ClInclude Include="InParallel.h">
      <Filter>Header Files\Components</Filter>
    </ClInclude>
    <ClInclude Include="Inductor.h">
      <Filter>Header Files\Components</Filter>
    </ClInclude>
    <ClInclude Include="IdealVoltageSource.h">
      <Filter>Header Files\Components</Filter>
    </ClInclude>
    <ClInclude Include="IdealCurrentSource.h">
      <Filter>Header Files\Components</Filter>
    </ClInclude>
    <ClInclude Include="CompositeElement.h">
      <Filter>Header Files\Components</Filter>
    </ClInclude>
    <ClInclude Include="CircuitBuilder.h">
      <Filter>Header Files\Auxilary</Filter>
    </ClInclude>
    <ClInclude Include="CurrentVoltageCharacteristic.h">
      <Filter>Header Files\Auxilary</Filter>
    </ClInclude>
    <ClInclude Include="LCLexer.h">
      <Filter>Header Files\Parsing</Filter>
    </ClInclude>
    <ClInclude Include="LCParser.h">
      <Filter>Header Files\Parsing</Filter>
    </ClInclude>
  </ItemGroup>
  <ItemGroup>
    <ClCompile Include="Program.cpp">
      <Filter>Source Files</Filter>
    </ClCompile>
    <ClCompile Include="Capacitor.cpp">
      <Filter>Source Files\Components</Filter>
    </ClCompile>
    <ClCompile Include="TwoTerminalLinearElement.cpp">
      <Filter>Source Files\Components</Filter>
    </ClCompile>
    <ClCompile Include="Switch.cpp">
      <Filter>Source Files\Components</Filter>
    </ClCompile>
    <ClCompile Include="Resistor.cpp">
      <Filter>Source Files\Components</Filter>
    </ClCompile>
    <ClCompile Include="OnePortLinearElement.cpp">
      <Filter>Source Files\Components</Filter>
    </ClCompile>
    <ClCompile Include="InSeries.cpp">
      <Filter>Source Files\Components</Filter>
    </ClCompile>
    <ClCompile Include="InParallel.cpp">
      <Filter>Source Files\Components</Filter>
    </ClCompile>
    <ClCompile Include="Inductor.cpp">
      <Filter>Source Files\Components</Filter>
    </ClCompile>
    <ClCompile Include="IdealVoltageSource.cpp">
      <Filter>Source Files\Components</Filter>
    </ClCompile>
    <ClCompile Include="IdealCurrentSource.cpp">
      <Filter>Source Files\Components</Filter>
    </ClCompile>
    <ClCompile Include="CompositeElement.cpp">
      <Filter>Source Files\Components</Filter>
    </ClCompile>
    <ClCompile Include="CircuitBuilder.cpp">
      <Filter>Source Files\Auxilary</Filter>
    </ClCompile>
    <ClCompile Include="CurrentVoltageCharacteristic.cpp">
      <Filter>Source Files\Auxilary</Filter>
    </ClCompile>
    <ClCompile Include="LCLexer.cpp">
      <Filter>Source Files\Parsing</Filter>
    </ClCompile>
    <ClCompile Include="LCParser.cpp">
      <Filter>Source Files\Parsing</Filter>
    </ClCompile>
  </ItemGroup>
  <ItemGroup>
    <Text Include="RLC.txt">
      <Filter>Resource Files</Filter>
    </Text>
    <Text Include="TheveninExample.txt">
      <Filter>Resource Files</Filter>
    </Text>
  </ItemGroup>
</Project>